{
  "name": "@openclaw/xiaomifeng",
  "version": "2026.4.14",
  "lockfileVersion": 3,
  "requires": true,
  "packages": {
    "": {
      "name": "@openclaw/xiaomifeng",
      "version": "2026.4.14",
      "dependencies": {
        "@yxim/nim-bot": "^10.9.78",
        "zod": "^3.22.4"
      },
      "peerDependencies": {
        "openclaw": ">=2026.3.30"
      },
      "peerDependenciesMeta": {
        "openclaw": {
          "optional": true
        }
      }
    },
    "node_modules/@yxim/nim-bot": {
      "version": "10.9.78",
      "resolved": "https://registry.npmjs.org/@yxim/nim-bot/-/nim-bot-10.9.78.tgz",
      "integrity": "sha512-5ZQFVC1Fspkl2DFuND4lBM3fpnVV7pWW5Lcj+Y7ar2p+NCiAgWeUcDdoY3JEm0otHZN+fgnJnij+XNXMyYFjqw==",
      "license": "ISC",
      "dependencies": {
        "ws": "^8.0.0"
      },
      "engines": {
        "node": ">=20"
      }
    },
    "node_modules/ws": {
      "version": "8.20.0",
      "resolved": "https://registry.npmmirror.com/ws/-/ws-8.20.0.tgz",
      "integrity": "sha512-sAt8BhgNbzCtgGbt2OxmpuryO63ZoDk/sqaB/znQm94T4fCEsy/yV+7CdC1kJhOU9lboAEU7R3kquuycDoibVA==",
      "license": "MIT",
      "engines": {
        "node": ">=10.0.0"
      },
      "peerDependencies": {
        "bufferutil": "^4.0.1",
        "utf-8-validate": ">=5.0.2"
      },
      "peerDependenciesMeta": {
        "bufferutil": {
          "optional": true
        },
        "utf-8-validate": {
          "optional": true
        }
      }
    },
    "node_modules/zod": {
      "version": "3.25.76",
      "license": "MIT",
      "funding": {
        "url": "https://github.com/sponsors/colinhacks"
      }
    }
  }
}
